
Microsoft Visual Studio Solution File, Format Version 12.00
# Visual Studio 15
VisualStudioVersion = 15.0.28307.572
MinimumVisualStudioVersion = 10.0.40219.1
Project("{FAE04EC0-301F-11D3-BF4B-00C04F79EFBC}") = "ProductCrudFront", "ProductCrudFront\ProductCrudFront.csproj", "{4B08568E-991F-4772-9C08-5293378BFB05}"
EndProject
Global
	GlobalSection(SolutionConfigurationPlatforms) = preSolution
		Debug|Any CPU = Debug|Any CPU
		Release|Any CPU = Release|Any CPU
	EndGlobalSection
	GlobalSection(ProjectConfigurationPlatforms) = postSolution
		{4B08568E-991F-4772-9C08-5293378BFB05}.Debug|Any CPU.ActiveCfg = Debug|Any CPU
		{4B08568E-991F-4772-9C08-5293378BFB05}.Debug|Any CPU.Build.0 = Debug|Any CPU
		{4B08568E-991F-4772-9C08-5293378BFB05}.Release|Any CPU.ActiveCfg = Release|Any CPU
		{4B08568E-991F-4772-9C08-5293378BFB05}.Release|Any CPU.Build.0 = Release|Any CPU
	EndGlobalSection
	GlobalSection(SolutionProperties) = preSolution
		HideSolutionNode = FALSE
	EndGlobalSection
	GlobalSection(ExtensibilityGlobals) = postSolution
		SolutionGuid = {228D34E1-8545-495F-9564-B43AE2FE0965}
	EndGlobalSection
EndGlobal
